
Microsoft Visual Studio Solution File, Format Version 12.00
# Visual Studio Version 17
VisualStudioVersion = 17.5.33414.496
MinimumVisualStudioVersion = 10.0.40219.1
Project("{FAE04EC0-301F-11D3-BF4B-00C04F79EFBC}") = "WebApplication7", "WebApplication7\WebApplication7.csproj", "{A8068223-EC11-4311-8E90-6E5FADD68BCB}"
EndProject
Global
	GlobalSection(SolutionConfigurationPlatforms) = preSolution
		Debug|Any CPU = Debug|Any CPU
		Release|Any CPU = Release|Any CPU
	EndGlobalSection
	GlobalSection(ProjectConfigurationPlatforms) = postSolution
		{A8068223-EC11-4311-8E90-6E5FADD68BCB}.Debug|Any CPU.ActiveCfg = Debug|Any CPU
		{A8068223-EC11-4311-8E90-6E5FADD68BCB}.Debug|Any CPU.Build.0 = Debug|Any CPU
		{A8068223-EC11-4311-8E90-6E5FADD68BCB}.Release|Any CPU.ActiveCfg = Release|Any CPU
		{A8068223-EC11-4311-8E90-6E5FADD68BCB}.Release|Any CPU.Build.0 = Release|Any CPU
	EndGlobalSection
	GlobalSection(SolutionProperties) = preSolution
		HideSolutionNode = FALSE
	EndGlobalSection
	GlobalSection(ExtensibilityGlobals) = postSolution
		SolutionGuid = {09C86D40-2677-4660-B00C-9A0EE717C1F8}
	EndGlobalSection
EndGlobal
